
Microsoft Visual Studio Solution File, Format Version 12.00
# Visual Studio Version 16
VisualStudioVersion = 16.0.30204.135
MinimumVisualStudioVersion = 10.0.40219.1
Project("{9A19103F-16F7-4668-BE54-9A1E7A4F7556}") = "GFC.Api", "GFC.Api\GFC.Api.csproj", "{4AB929A8-B930-46B8-AB80-F5AE13923660}"
EndProject
Project("{9A19103F-16F7-4668-BE54-9A1E7A4F7556}") = "GFC.BAL", "GFC.BO\GFC.BAL.csproj", "{7202BDE2-ED5A-41EB-B36A-6F105E91DFA6}"
EndProject
Project("{9A19103F-16F7-4668-BE54-9A1E7A4F7556}") = "GFC.DAL", "GFC.DAL\GFC.DAL.csproj", "{F4CA0DC7-B83E-45C5-BB82-BB3C5AC0DAE1}"
EndProject
Project("{9A19103F-16F7-4668-BE54-9A1E7A4F7556}") = "GFC.Models", "GFC.Models\GFC.Models.csproj", "{F8A74405-83E5-4CFD-9CB1-CA0E2FE9D935}"
EndProject
Project("{9A19103F-16F7-4668-BE54-9A1E7A4F7556}") = "GFC.Utility", "GFC.Utility\GFC.Utility.csproj", "{383ED47D-3406-4E61-A59B-FEA4B49393B2}"
EndProject
Project("{FAE04EC0-301F-11D3-BF4B-00C04F79EFBC}") = "GFC.UnitTest", "GFC.UnitTest\GFC.UnitTest.csproj", "{D4B97211-C96A-497B-8907-7CBD9C0513FE}"
EndProject
Global
	GlobalSection(SolutionConfigurationPlatforms) = preSolution
		Debug|Any CPU = Debug|Any CPU
		Release|Any CPU = Release|Any CPU
	EndGlobalSection
	GlobalSection(ProjectConfigurationPlatforms) = postSolution
		{4AB929A8-B930-46B8-AB80-F5AE13923660}.Debug|Any CPU.ActiveCfg = Debug|Any CPU
		{4AB929A8-B930-46B8-AB80-F5AE13923660}.Debug|Any CPU.Build.0 = Debug|Any CPU
		{4AB929A8-B930-46B8-AB80-F5AE13923660}.Release|Any CPU.ActiveCfg = Release|Any CPU
		{4AB929A8-B930-46B8-AB80-F5AE13923660}.Release|Any CPU.Build.0 = Release|Any CPU
		{7202BDE2-ED5A-41EB-B36A-6F105E91DFA6}.Debug|Any CPU.ActiveCfg = Debug|Any CPU
		{7202BDE2-ED5A-41EB-B36A-6F105E91DFA6}.Debug|Any CPU.Build.0 = Debug|Any CPU
		{7202BDE2-ED5A-41EB-B36A-6F105E91DFA6}.Release|Any CPU.ActiveCfg = Release|Any CPU
		{7202BDE2-ED5A-41EB-B36A-6F105E91DFA6}.Release|Any CPU.Build.0 = Release|Any CPU
		{F4CA0DC7-B83E-45C5-BB82-BB3C5AC0DAE1}.Debug|Any CPU.ActiveCfg = Debug|Any CPU
		{F4CA0DC7-B83E-45C5-BB82-BB3C5AC0DAE1}.Debug|Any CPU.Build.0 = Debug|Any CPU
		{F4CA0DC7-B83E-45C5-BB82-BB3C5AC0DAE1}.Release|Any CPU.ActiveCfg = Release|Any CPU
		{F4CA0DC7-B83E-45C5-BB82-BB3C5AC0DAE1}.Release|Any CPU.Build.0 = Release|Any CPU
		{F8A74405-83E5-4CFD-9CB1-CA0E2FE9D935}.Debug|Any CPU.ActiveCfg = Debug|Any CPU
		{F8A74405-83E5-4CFD-9CB1-CA0E2FE9D935}.Debug|Any CPU.Build.0 = Debug|Any CPU
		{F8A74405-83E5-4CFD-9CB1-CA0E2FE9D935}.Release|Any CPU.ActiveCfg = Release|Any CPU
		{F8A74405-83E5-4CFD-9CB1-CA0E2FE9D935}.Release|Any CPU.Build.0 = Release|Any CPU
		{383ED47D-3406-4E61-A59B-FEA4B49393B2}.Debug|Any CPU.ActiveCfg = Debug|Any CPU
		{383ED47D-3406-4E61-A59B-FEA4B49393B2}.Debug|Any CPU.Build.0 = Debug|Any CPU
		{383ED47D-3406-4E61-A59B-FEA4B49393B2}.Release|Any CPU.ActiveCfg = Release|Any CPU
		{383ED47D-3406-4E61-A59B-FEA4B49393B2}.Release|Any CPU.Build.0 = Release|Any CPU
		{D4B97211-C96A-497B-8907-7CBD9C0513FE}.Debug|Any CPU.ActiveCfg = Debug|Any CPU
		{D4B97211-C96A-497B-8907-7CBD9C0513FE}.Debug|Any CPU.Build.0 = Debug|Any CPU
		{D4B97211-C96A-497B-8907-7CBD9C0513FE}.Release|Any CPU.ActiveCfg = Release|Any CPU
		{D4B97211-C96A-497B-8907-7CBD9C0513FE}.Release|Any CPU.Build.0 = Release|Any CPU
	EndGlobalSection
	GlobalSection(SolutionProperties) = preSolution
		HideSolutionNode = FALSE
	EndGlobalSection
	GlobalSection(ExtensibilityGlobals) = postSolution
		SolutionGuid = {321DAFFE-D78B-4CBA-862E-91E179EA1809}
	EndGlobalSection
EndGlobal
